
Microsoft Visual Studio Solution File, Format Version 12.00
# Visual Studio Version 16
VisualStudioVersion = 16.0.30114.128
MinimumVisualStudioVersion = 10.0.40219.1
Project("{9A19103F-16F7-4668-BE54-9A1E7A4F7556}") = "ConsoleApp1", "ConsoleApp1\ConsoleApp1.csproj", "{BE9235FE-4447-4DC6-8B92-7376071C8E74}"
EndProject
Global
	GlobalSection(SolutionConfigurationPlatforms) = preSolution
		Debug|Any CPU = Debug|Any CPU
		Release|Any CPU = Release|Any CPU
	EndGlobalSection
	GlobalSection(ProjectConfigurationPlatforms) = postSolution
		{BE9235FE-4447-4DC6-8B92-7376071C8E74}.Debug|Any CPU.ActiveCfg = Debug|Any CPU
		{BE9235FE-4447-4DC6-8B92-7376071C8E74}.Debug|Any CPU.Build.0 = Debug|Any CPU
		{BE9235FE-4447-4DC6-8B92-7376071C8E74}.Release|Any CPU.ActiveCfg = Release|Any CPU
		{BE9235FE-4447-4DC6-8B92-7376071C8E74}.Release|Any CPU.Build.0 = Release|Any CPU
	EndGlobalSection
	GlobalSection(SolutionProperties) = preSolution
		HideSolutionNode = FALSE
	EndGlobalSection
	GlobalSection(ExtensibilityGlobals) = postSolution
		SolutionGuid = {B9391B4C-AA94-4BF7-93AE-1D7D961912BE}
	EndGlobalSection
EndGlobal
